
Microsoft Visual Studio Solution File, Format Version 11.00
# Visual Studio 2010
Project("{8BC9CEB8-8B4A-11D0-8D11-00A0C91BC942}") = "libmad", "libmad.vcxproj", "{ECFF8CE5-9170-E636-213A-3DC87349DE48}"
EndProject
Global
	GlobalSection(SolutionConfigurationPlatforms) = preSolution
		Debug|Win32 = Debug|Win32
		Release|Win32 = Release|Win32
	EndGlobalSection
	GlobalSection(ProjectConfigurationPlatforms) = postSolution
		{ECFF8CE5-9170-E636-213A-3DC87349DE48}.Debug|Win32.ActiveCfg = Debug|Win32
		{ECFF8CE5-9170-E636-213A-3DC87349DE48}.Debug|Win32.Build.0 = Debug|Win32
		{ECFF8CE5-9170-E636-213A-3DC87349DE48}.Release|Win32.ActiveCfg = Release|Win32
		{ECFF8CE5-9170-E636-213A-3DC87349DE48}.Release|Win32.Build.0 = Release|Win32
	EndGlobalSection
	GlobalSection(SolutionProperties) = preSolution
		HideSolutionNode = FALSE
	EndGlobalSection
EndGlobal
