<?xml version="1.0" encoding="utf-8"?>
<Project ToolsVersion="4.0" xmlns="http://schemas.microsoft.com/developer/msbuild/2003">
  <ItemGroup>
    <ClCompile Include="..\png\rpng.cpp" />
    <ClCompile Include="..\qcommon\GenericParser2.cpp" />
    <ClCompile Include="..\qcommon\matcomp.cpp" />
    <ClCompile Include="..\qcommon\q_math.cpp" />
    <ClCompile Include="..\qcommon\q_shared.cpp" />
    <ClCompile Include="..\win32\win_gamma.cpp" />
    <ClCompile Include="..\win32\win_glimp.cpp" />
    <ClCompile Include="..\win32\win_qgl.cpp" />
    <ClCompile Include="..\zlib\adler32.c" />
    <ClCompile Include="..\zlib\compress.c" />
    <ClCompile Include="..\zlib\crc32.c" />
    <ClCompile Include="..\zlib\deflate.c" />
    <ClCompile Include="..\zlib\gzclose.c" />
    <ClCompile Include="..\zlib\gzlib.c" />
    <ClCompile Include="..\zlib\gzread.c" />
    <ClCompile Include="..\zlib\gzwrite.c" />
    <ClCompile Include="..\zlib\infback.c" />
    <ClCompile Include="..\zlib\inffast.c" />
    <ClCompile Include="..\zlib\inflate.c" />
    <ClCompile Include="..\zlib\inftrees.c" />
    <ClCompile Include="..\zlib\ioapi.c" />
    <ClCompile Include="..\zlib\trees.c" />
    <ClCompile Include="..\zlib\uncompr.c" />
    <ClCompile Include="..\zlib\zutil.c" />
    <ClCompile Include="G2_API.cpp" />
    <ClCompile Include="G2_bolts.cpp" />
    <ClCompile Include="G2_bones.cpp" />
    <ClCompile Include="G2_misc.cpp" />
    <ClCompile Include="G2_surfaces.cpp" />
    <ClCompile Include="tr_animation.cpp" />
    <ClCompile Include="tr_arioche.cpp" />
    <ClCompile Include="tr_backend.cpp" />
    <ClCompile Include="tr_bsp.cpp" />
    <ClCompile Include="tr_cmds.cpp" />
    <ClCompile Include="tr_curve.cpp" />
    <ClCompile Include="tr_font.cpp" />
    <ClCompile Include="tr_ghoul2.cpp" />
    <ClCompile Include="tr_image.cpp" />
    <ClCompile Include="tr_init.cpp" />
    <ClCompile Include="tr_light.cpp" />
    <ClCompile Include="tr_main.cpp" />
    <ClCompile Include="tr_marks.cpp" />
    <ClCompile Include="tr_mesh.cpp" />
    <ClCompile Include="tr_model.cpp" />
    <ClCompile Include="tr_noise.cpp" />
    <ClCompile Include="tr_quicksprite.cpp" />
    <ClCompile Include="tr_scene.cpp" />
    <ClCompile Include="tr_shade.cpp" />
    <ClCompile Include="tr_shade_calc.cpp" />
    <ClCompile Include="tr_shader.cpp" />
    <ClCompile Include="tr_shadows.cpp" />
    <ClCompile Include="tr_sky.cpp" />
    <ClCompile Include="tr_subs.cpp" />
    <ClCompile Include="tr_surface.cpp" />
    <ClCompile Include="tr_surfacesprites.cpp" />
    <ClCompile Include="tr_terrain.cpp" />
    <ClCompile Include="tr_world.cpp" />
    <ClCompile Include="tr_WorldEffects.cpp" />
    <ClCompile Include="tr_mme.cpp" />
    <ClCompile Include="tr_framebuffer.cpp" />
    <ClCompile Include="tr_mme_sse2.cpp" />
    <ClCompile Include="tr_mme_avi.cpp" />
    <ClCompile Include="tr_mme_common.cpp" />
    <ClCompile Include="tr_bloom.cpp" />
    <ClCompile Include="tr_mme_stereo.cpp" />
    <ClCompile Include="..\jpeg-8c\jaricom.c">
      <Filter>jpeg files</Filter>
    </ClCompile>
    <ClCompile Include="..\jpeg-8c\jcapimin.c">
      <Filter>jpeg files</Filter>
    </ClCompile>
    <ClCompile Include="..\jpeg-8c\jcapistd.c">
      <Filter>jpeg files</Filter>
    </ClCompile>
    <ClCompile Include="..\jpeg-8c\jcarith.c">
      <Filter>jpeg files</Filter>
    </ClCompile>
    <ClCompile Include="..\jpeg-8c\jccoefct.c">
      <Filter>jpeg files</Filter>
    </ClCompile>
    <ClCompile Include="..\jpeg-8c\jccolor.c">
      <Filter>jpeg files</Filter>
    </ClCompile>
    <ClCompile Include="..\jpeg-8c\jcdctmgr.c">
      <Filter>jpeg files</Filter>
    </ClCompile>
    <ClCompile Include="..\jpeg-8c\jchuff.c">
      <Filter>jpeg files</Filter>
    </ClCompile>
    <ClCompile Include="..\jpeg-8c\jcinit.c">
      <Filter>jpeg files</Filter>
    </ClCompile>
    <ClCompile Include="..\jpeg-8c\jcmainct.c">
      <Filter>jpeg files</Filter>
    </ClCompile>
    <ClCompile Include="..\jpeg-8c\jcmarker.c">
      <Filter>jpeg files</Filter>
    </ClCompile>
    <ClCompile Include="..\jpeg-8c\jcmaster.c">
      <Filter>jpeg files</Filter>
    </ClCompile>
    <ClCompile Include="..\jpeg-8c\jcomapi.c">
      <Filter>jpeg files</Filter>
    </ClCompile>
    <ClCompile Include="..\jpeg-8c\jcparam.c">
      <Filter>jpeg files</Filter>
    </ClCompile>
    <ClCompile Include="..\jpeg-8c\jcprepct.c">
      <Filter>jpeg files</Filter>
    </ClCompile>
    <ClCompile Include="..\jpeg-8c\jcsample.c">
      <Filter>jpeg files</Filter>
    </ClCompile>
    <ClCompile Include="..\jpeg-8c\jctrans.c">
      <Filter>jpeg files</Filter>
    </ClCompile>
    <ClCompile Include="..\jpeg-8c\jdapimin.c">
      <Filter>jpeg files</Filter>
    </ClCompile>
    <ClCompile Include="..\jpeg-8c\jdapistd.c">
      <Filter>jpeg files</Filter>
    </ClCompile>
    <ClCompile Include="..\jpeg-8c\jdarith.c">
      <Filter>jpeg files</Filter>
    </ClCompile>
    <ClCompile Include="..\jpeg-8c\jdatadst.c">
      <Filter>jpeg files</Filter>
    </ClCompile>
    <ClCompile Include="..\jpeg-8c\jdatasrc.c">
      <Filter>jpeg files</Filter>
    </ClCompile>
    <ClCompile Include="..\jpeg-8c\jdcoefct.c">
      <Filter>jpeg files</Filter>
    </ClCompile>
    <ClCompile Include="..\jpeg-8c\jdcolor.c">
      <Filter>jpeg files</Filter>
    </ClCompile>
    <ClCompile Include="..\jpeg-8c\jddctmgr.c">
      <Filter>jpeg files</Filter>
    </ClCompile>
    <ClCompile Include="..\jpeg-8c\jdhuff.c">
      <Filter>jpeg files</Filter>
    </ClCompile>
    <ClCompile Include="..\jpeg-8c\jdinput.c">
      <Filter>jpeg files</Filter>
    </ClCompile>
    <ClCompile Include="..\jpeg-8c\jdmainct.c">
      <Filter>jpeg files</Filter>
    </ClCompile>
    <ClCompile Include="..\jpeg-8c\jdmarker.c">
      <Filter>jpeg files</Filter>
    </ClCompile>
    <ClCompile Include="..\jpeg-8c\jdmaster.c">
      <Filter>jpeg files</Filter>
    </ClCompile>
    <ClCompile Include="..\jpeg-8c\jdmerge.c">
      <Filter>jpeg files</Filter>
    </ClCompile>
    <ClCompile Include="..\jpeg-8c\jdpostct.c">
      <Filter>jpeg files</Filter>
    </ClCompile>
    <ClCompile Include="..\jpeg-8c\jdsample.c">
      <Filter>jpeg files</Filter>
    </ClCompile>
    <ClCompile Include="..\jpeg-8c\jdtrans.c">
      <Filter>jpeg files</Filter>
    </ClCompile>
    <ClCompile Include="..\jpeg-8c\jerror.c">
      <Filter>jpeg files</Filter>
    </ClCompile>
    <ClCompile Include="..\jpeg-8c\jfdctflt.c">
      <Filter>jpeg files</Filter>
    </ClCompile>
    <ClCompile Include="..\jpeg-8c\jfdctfst.c">
      <Filter>jpeg files</Filter>
    </ClCompile>
    <ClCompile Include="..\jpeg-8c\jfdctint.c">
      <Filter>jpeg files</Filter>
    </ClCompile>
    <ClCompile Include="..\jpeg-8c\jidctflt.c">
      <Filter>jpeg files</Filter>
    </ClCompile>
    <ClCompile Include="..\jpeg-8c\jidctfst.c">
      <Filter>jpeg files</Filter>
    </ClCompile>
    <ClCompile Include="..\jpeg-8c\jidctint.c">
      <Filter>jpeg files</Filter>
    </ClCompile>
    <ClCompile Include="..\jpeg-8c\jmemmgr.c">
      <Filter>jpeg files</Filter>
    </ClCompile>
    <ClCompile Include="..\jpeg-8c\jmemnobs.c">
      <Filter>jpeg files</Filter>
    </ClCompile>
    <ClCompile Include="..\jpeg-8c\jquant1.c">
      <Filter>jpeg files</Filter>
    </ClCompile>
    <ClCompile Include="..\jpeg-8c\jquant2.c">
      <Filter>jpeg files</Filter>
    </ClCompile>
    <ClCompile Include="..\jpeg-8c\jutils.c">
      <Filter>jpeg files</Filter>
    </ClCompile>
    <ClCompile Include="..\libpng\png.c">
      <Filter>libpng</Filter>
    </ClCompile>
    <ClCompile Include="..\libpng\pngerror.c">
      <Filter>libpng</Filter>
    </ClCompile>
    <ClCompile Include="..\libpng\pngget.c">
      <Filter>libpng</Filter>
    </ClCompile>
    <ClCompile Include="..\libpng\pngmem.c">
      <Filter>libpng</Filter>
    </ClCompile>
    <ClCompile Include="..\libpng\pngpread.c">
      <Filter>libpng</Filter>
    </ClCompile>
    <ClCompile Include="..\libpng\pngread.c">
      <Filter>libpng</Filter>
    </ClCompile>
    <ClCompile Include="..\libpng\pngrio.c">
      <Filter>libpng</Filter>
    </ClCompile>
    <ClCompile Include="..\libpng\pngrtran.c">
      <Filter>libpng</Filter>
    </ClCompile>
    <ClCompile Include="..\libpng\pngrutil.c">
      <Filter>libpng</Filter>
    </ClCompile>
    <ClCompile Include="..\libpng\pngset.c">
      <Filter>libpng</Filter>
    </ClCompile>
    <ClCompile Include="..\libpng\pngtrans.c">
      <Filter>libpng</Filter>
    </ClCompile>
    <ClCompile Include="..\libpng\pngwio.c">
      <Filter>libpng</Filter>
    </ClCompile>
    <ClCompile Include="..\libpng\pngwrite.c">
      <Filter>libpng</Filter>
    </ClCompile>
    <ClCompile Include="..\libpng\pngwtran.c">
      <Filter>libpng</Filter>
    </ClCompile>
    <ClCompile Include="..\libpng\pngwutil.c">
      <Filter>libpng</Filter>
    </ClCompile>
  </ItemGroup>
  <ItemGroup>
    <ClInclude Include="..\renderer\mdx_format.h" />
    <ClInclude Include="..\renderer\tr_public.h" />
    <ClInclude Include="..\renderer\tr_types.h" />
    <ClInclude Include="..\zlib\crc32.h" />
    <ClInclude Include="..\zlib\deflate.h" />
    <ClInclude Include="..\zlib\gzguts.h" />
    <ClInclude Include="..\zlib\inffast.h" />
    <ClInclude Include="..\zlib\inffixed.h" />
    <ClInclude Include="..\zlib\inflate.h" />
    <ClInclude Include="..\zlib\inftrees.h" />
    <ClInclude Include="..\zlib\ioapi.h" />
    <ClInclude Include="..\zlib\trees.h" />
    <ClInclude Include="..\zlib\zconf.h" />
    <ClInclude Include="..\zlib\zlib.h" />
    <ClInclude Include="..\zlib\zutil.h" />
    <ClInclude Include="glext.h" />
    <ClInclude Include="qgl.h" />
    <ClInclude Include="G2_local.h" />
    <ClInclude Include="tr_font.h" />
    <ClInclude Include="tr_landscape.h" />
    <ClInclude Include="tr_local.h" />
    <ClInclude Include="tr_quicksprite.h" />
    <ClInclude Include="tr_WorldEffects.h" />
    <ClInclude Include="tr_mme.h" />
    <ClInclude Include="wglext.h" />
    <ClInclude Include="..\jpeg-8c\jconfig.h">
      <Filter>jpeg files</Filter>
    </ClInclude>
    <ClInclude Include="..\jpeg-8c\jdct.h">
      <Filter>jpeg files</Filter>
    </ClInclude>
    <ClInclude Include="..\jpeg-8c\jerror.h">
      <Filter>jpeg files</Filter>
    </ClInclude>
    <ClInclude Include="..\jpeg-8c\jinclude.h">
      <Filter>jpeg files</Filter>
    </ClInclude>
    <ClInclude Include="..\jpeg-8c\jmemsys.h">
      <Filter>jpeg files</Filter>
    </ClInclude>
    <ClInclude Include="..\jpeg-8c\jmorecfg.h">
      <Filter>jpeg files</Filter>
    </ClInclude>
    <ClInclude Include="..\jpeg-8c\jpegint.h">
      <Filter>jpeg files</Filter>
    </ClInclude>
    <ClInclude Include="..\jpeg-8c\jpeglib.h">
      <Filter>jpeg files</Filter>
    </ClInclude>
    <ClInclude Include="..\jpeg-8c\jversion.h">
      <Filter>jpeg files</Filter>
    </ClInclude>
    <ClInclude Include="..\libpng\png.h">
      <Filter>libpng</Filter>
    </ClInclude>
    <ClInclude Include="..\libpng\pngconf.h">
      <Filter>libpng</Filter>
    </ClInclude>
    <ClInclude Include="..\libpng\pngstruct.h">
      <Filter>libpng</Filter>
    </ClInclude>
  </ItemGroup>
  <ItemGroup>
    <Filter Include="jpeg files">
      <UniqueIdentifier>{107ca63c-2461-41c5-8dce-c29227d9ecc2}</UniqueIdentifier>
    </Filter>
    <Filter Include="libpng">
      <UniqueIdentifier>{e0686f1e-fb4c-43d7-ab70-8584c6e62ae4}</UniqueIdentifier>
    </Filter>
  </ItemGroup>
</Project>